{
    "_meta": {
        "hash": {
            "sha256": "2b01c8757c45eac67acf3ca4472e6afa26a9d33c36c38f4f2e47f0fe54680283"
        },
        "pipfile-spec": 6,
        "requires": {
            "python_version": "3.13"
        },
        "sources": [
            {
                "name": "pypi",
                "url": "https://pypi.org/simple",
                "verify_ssl": true
            }
        ]
    },
    "default": {},
    "develop": {
        "build": {
            "hashes": [
                "sha256:6a07c1b8eb6f2b311b96fcbdbce5dab5fe637ffda0fd83c9cac622e927501596",
                "sha256:f1b91b925aa322be454f8330c6fb48b465da993d1e7e7e6fa35027ec49f3c936"
            ],
            "index": "pypi",
            "markers": "python_version >= '3.9'",
            "version": "==1.4.0"
        },
        "huefy": {
            "hashes": [
                "sha256:b84c9374612cbb5c2029cc6aeefbca5f32a6cdeec851352fb691e2501ed8c8bb",
                "sha256:bb53157fba94504d812b54e4d608d40ec3ec202131213b6986c9a44df468cec5"
            ],
            "markers": "python_version >= '3.6'",
            "version": "==1.3.0"
        },
        "packaging": {
            "hashes": [
                "sha256:00243ae351a257117b6a241061796684b084ed1c516a08c48a3f7e147a9d80b4",
                "sha256:b36f1fef9334a5588b4166f8bcd26a14e521f2b55e6b9de3aaa80d3ff7a37529"
            ],
            "markers": "python_version >= '3.8'",
            "version": "==26.0"
        },
        "picassocli": {
            "hashes": [
                "sha256:40ac05b793894ef465bac53c1fb7c4cbefd703b0680583e2ab130b7945926eb8",
                "sha256:ee4e3a1b6c05d01e460ec5b8a2116adc6f1cda1f72adefc90e6045403614496b"
            ],
            "index": "pypi",
            "markers": "python_version >= '3.6'",
            "version": "==1.1.3"
        },
        "pyproject-hooks": {
            "hashes": [
                "sha256:1e859bd5c40fae9448642dd871adf459e5e2084186e8d2c2a79a824c970da1f8",
                "sha256:9e5c6bfa8dcc30091c74b0cf803c81fdd29d94f01992a7707bc97babb1141913"
            ],
            "markers": "python_version >= '3.7'",
            "version": "==1.2.0"
        },
        "wheel": {
            "hashes": [
                "sha256:4b399d56c9d9338230118d705d9737a2a468ccca63d5e813e2a4fc7815d8bc4d",
                "sha256:e3e79874b07d776c40bd6033f8ddf76a7dad46a7b8aa1b2787a83083519a1803"
            ],
            "index": "pypi",
            "markers": "python_version >= '3.9'",
            "version": "==0.46.3"
        }
    }
}
